
Microsoft Visual Studio Solution File, Format Version 12.00
# Visual Studio Version 17
VisualStudioVersion = 17.14.36616.10
MinimumVisualStudioVersion = 10.0.40219.1
Project("{FAE04EC0-301F-11D3-BF4B-00C04F79EFBC}") = "MultiVendorECommerce.API", "MultiVendorECommerce.API\MultiVendorECommerce.API.csproj", "{51CD9D4A-902C-4DBB-B4A0-A568EC601136}"
EndProject
Project("{FAE04EC0-301F-11D3-BF4B-00C04F79EFBC}") = "MultiVendorECommerce.Repositories", "MultiVendorECommerce.Repositories\MultiVendorECommerce.Repositories.csproj", "{A96D0722-6B47-41B3-8364-D309FA799C62}"
EndProject
Project("{FAE04EC0-301F-11D3-BF4B-00C04F79EFBC}") = "MultiVendorECommerce.Core", "MultiVendorECommerce.Core\MultiVendorECommerce.Core.csproj", "{D1FA7909-0A5A-46A7-B581-17A4F7D8B792}"
EndProject
Project("{FAE04EC0-301F-11D3-BF4B-00C04F79EFBC}") = "MultiVendorECommerce.Services", "MultiVendorECommerce.Services\MultiVendorECommerce.Services.csproj", "{0F4DAA31-6F96-463C-89B5-EFEBB4B4E6C2}"
EndProject
Global
	GlobalSection(SolutionConfigurationPlatforms) = preSolution
		Debug|Any CPU = Debug|Any CPU
		Release|Any CPU = Release|Any CPU
	EndGlobalSection
	GlobalSection(ProjectConfigurationPlatforms) = postSolution
		{51CD9D4A-902C-4DBB-B4A0-A568EC601136}.Debug|Any CPU.ActiveCfg = Debug|Any CPU
		{51CD9D4A-902C-4DBB-B4A0-A568EC601136}.Debug|Any CPU.Build.0 = Debug|Any CPU
		{51CD9D4A-902C-4DBB-B4A0-A568EC601136}.Release|Any CPU.ActiveCfg = Release|Any CPU
		{51CD9D4A-902C-4DBB-B4A0-A568EC601136}.Release|Any CPU.Build.0 = Release|Any CPU
		{A96D0722-6B47-41B3-8364-D309FA799C62}.Debug|Any CPU.ActiveCfg = Debug|Any CPU
		{A96D0722-6B47-41B3-8364-D309FA799C62}.Debug|Any CPU.Build.0 = Debug|Any CPU
		{A96D0722-6B47-41B3-8364-D309FA799C62}.Release|Any CPU.ActiveCfg = Release|Any CPU
		{A96D0722-6B47-41B3-8364-D309FA799C62}.Release|Any CPU.Build.0 = Release|Any CPU
		{D1FA7909-0A5A-46A7-B581-17A4F7D8B792}.Debug|Any CPU.ActiveCfg = Debug|Any CPU
		{D1FA7909-0A5A-46A7-B581-17A4F7D8B792}.Debug|Any CPU.Build.0 = Debug|Any CPU
		{D1FA7909-0A5A-46A7-B581-17A4F7D8B792}.Release|Any CPU.ActiveCfg = Release|Any CPU
		{D1FA7909-0A5A-46A7-B581-17A4F7D8B792}.Release|Any CPU.Build.0 = Release|Any CPU
		{0F4DAA31-6F96-463C-89B5-EFEBB4B4E6C2}.Debug|Any CPU.ActiveCfg = Debug|Any CPU
		{0F4DAA31-6F96-463C-89B5-EFEBB4B4E6C2}.Debug|Any CPU.Build.0 = Debug|Any CPU
		{0F4DAA31-6F96-463C-89B5-EFEBB4B4E6C2}.Release|Any CPU.ActiveCfg = Release|Any CPU
		{0F4DAA31-6F96-463C-89B5-EFEBB4B4E6C2}.Release|Any CPU.Build.0 = Release|Any CPU
	EndGlobalSection
	GlobalSection(SolutionProperties) = preSolution
		HideSolutionNode = FALSE
	EndGlobalSection
	GlobalSection(ExtensibilityGlobals) = postSolution
		SolutionGuid = {193E6A28-6EE5-491F-AEA4-31FA40429A95}
	EndGlobalSection
EndGlobal
